{
  "name": "@klaus-liebler/web-components",
  "version": "1.0.0",
  "lockfileVersion": 3,
  "requires": true,
  "packages": {
    "": {
      "name": "@klaus-liebler/web-components",
      "version": "1.0.0",
      "license": "ISC",
      "dependencies": {
        "@generated/flatbuffers_ts": "file:../../../generated/flatbuffers_ts",
        "@google/generative-ai": "^0.21.0",
        "@klaus-liebler/commons": "file:../commons",
        "chart.js": "^4.4.7",
        "flatbuffers": "^25.1.21",
        "lit-html": "^3.2.1"
      }
    },
    "../../../generated/flatbuffers_ts": {
      "name": "@generated/flatbuffers_ts",
      "version": "1.0.0",
      "license": "ISC",
      "dependencies": {
        "flatbuffers": "^25.1.21"
      }
    },
    "../commons": {
      "version": "1.0.0",
      "license": "ISC"
    },
    "../flatbuffer-object-definitions": {
      "version": "1.0.0",
      "extraneous": true,
      "license": "ISC",
      "dependencies": {
        "flatbuffers": "^25.1.21"
      }
    },
    "node_modules/@generated/flatbuffers_ts": {
      "resolved": "../../../generated/flatbuffers_ts",
      "link": true
    },
    "node_modules/@google/generative-ai": {
      "version": "0.21.0",
      "license": "Apache-2.0",
      "engines": {
        "node": ">=18.0.0"
      }
    },
    "node_modules/@klaus-liebler/commons": {
      "resolved": "../commons",
      "link": true
    },
    "node_modules/@kurkle/color": {
      "version": "0.3.4",
      "license": "MIT"
    },
    "node_modules/@types/trusted-types": {
      "version": "2.0.7",
      "license": "MIT"
    },
    "node_modules/chart.js": {
      "version": "4.4.7",
      "license": "MIT",
      "dependencies": {
        "@kurkle/color": "^0.3.0"
      },
      "engines": {
        "pnpm": ">=8"
      }
    },
    "node_modules/flatbuffers": {
      "version": "25.1.21",
      "resolved": "https://registry.npmjs.org/flatbuffers/-/flatbuffers-25.1.21.tgz",
      "integrity": "sha512-NY04uWLWTzPly68cQThypKG/ThwnVMe+Ly8SzxClauuF0GKjMkoDV+1juSAZWs34C4WXtFvgQ+tuwq5g5k6ELg==",
      "license": "Apache-2.0"
    },
    "node_modules/lit-html": {
      "version": "3.2.1",
      "license": "BSD-3-Clause",
      "dependencies": {
        "@types/trusted-types": "^2.0.2"
      }
    }
  }
}
