{
  "name": "@klaus-liebler/flatbuffer-object-definitions",
  "version": "1.0.0",
  "lockfileVersion": 3,
  "requires": true,
  "packages": {
    "": {
      "name": "@klaus-liebler/flatbuffer-object-definitions",
      "version": "1.0.0",
      "license": "ISC",
      "dependencies": {
        "flatbuffers": "^25.1.21"
      }
    },
    "node_modules/flatbuffers": {
      "version": "25.1.21",
      "resolved": "https://registry.npmjs.org/flatbuffers/-/flatbuffers-25.1.21.tgz",
      "integrity": "sha512-NY04uWLWTzPly68cQThypKG/ThwnVMe+Ly8SzxClauuF0GKjMkoDV+1juSAZWs34C4WXtFvgQ+tuwq5g5k6ELg==",
      "license": "Apache-2.0"
    }
  }
}
